
Microsoft Visual Studio Solution File, Format Version 12.00
# Visual Studio Version 17
VisualStudioVersion = 17.3.32929.385
MinimumVisualStudioVersion = 10.0.40219.1
Project("{8BC9CEB8-8B4A-11D0-8D11-00A0C91BC942}") = "Labs 5", "Labs 5.vcxproj", "{B40BE7CB-6A8B-4C28-BB84-9F0BC59F1875}"
EndProject
Global
	GlobalSection(SolutionConfigurationPlatforms) = preSolution
		Debug|x64 = Debug|x64
		Debug|x86 = Debug|x86
		Release|x64 = Release|x64
		Release|x86 = Release|x86
	EndGlobalSection
	GlobalSection(ProjectConfigurationPlatforms) = postSolution
		{B40BE7CB-6A8B-4C28-BB84-9F0BC59F1875}.Debug|x64.ActiveCfg = Debug|x64
		{B40BE7CB-6A8B-4C28-BB84-9F0BC59F1875}.Debug|x64.Build.0 = Debug|x64
		{B40BE7CB-6A8B-4C28-BB84-9F0BC59F1875}.Debug|x86.ActiveCfg = Debug|Win32
		{B40BE7CB-6A8B-4C28-BB84-9F0BC59F1875}.Debug|x86.Build.0 = Debug|Win32
		{B40BE7CB-6A8B-4C28-BB84-9F0BC59F1875}.Release|x64.ActiveCfg = Release|x64
		{B40BE7CB-6A8B-4C28-BB84-9F0BC59F1875}.Release|x64.Build.0 = Release|x64
		{B40BE7CB-6A8B-4C28-BB84-9F0BC59F1875}.Release|x86.ActiveCfg = Release|Win32
		{B40BE7CB-6A8B-4C28-BB84-9F0BC59F1875}.Release|x86.Build.0 = Release|Win32
	EndGlobalSection
	GlobalSection(SolutionProperties) = preSolution
		HideSolutionNode = FALSE
	EndGlobalSection
	GlobalSection(ExtensibilityGlobals) = postSolution
		SolutionGuid = {4F4A21F1-BECB-45AB-880D-FB3BFE386E6B}
	EndGlobalSection
EndGlobal
